// !$*UTF8*$!
{
	archiveVersion = 1;
	classes = {
	};
	objectVersion = 56;
	objects = {

/* Begin PBXBuildFile section */
		5C2686FC2BA6CC4500C0330F /* ConfettiView.swift in Sources */ = {isa = PBXBuildFile; fileRef = 5C2686FB2BA6CC4500C0330F /* ConfettiView.swift */; };
		5C4A356B2BA5E837000F840F /* AppDelegate.swift in Sources */ = {isa = PBXBuildFile; fileRef = 5C4A356A2BA5E837000F840F /* AppDelegate.swift */; };
		5C4A356D2BA5E837000F840F /* SceneDelegate.swift in Sources */ = {isa = PBXBuildFile; fileRef = 5C4A356C2BA5E837000F840F /* SceneDelegate.swift */; };
		5C4A356F2BA5E837000F840F /* ViewController.swift in Sources */ = {isa = PBXBuildFile; fileRef = 5C4A356E2BA5E837000F840F /* ViewController.swift */; };
		5C4A35722BA5E837000F840F /* Main.storyboard in Resources */ = {isa = PBXBuildFile; fileRef = 5C4A35702BA5E837000F840F /* Main.storyboard */; };
		5C4A35742BA5E838000F840F /* Assets.xcassets in Resources */ = {isa = PBXBuildFile; fileRef = 5C4A35732BA5E838000F840F /* Assets.xcassets */; };
		5C4A35772BA5E838000F840F /* LaunchScreen.storyboard in Resources */ = {isa = PBXBuildFile; fileRef = 5C4A35752BA5E838000F840F /* LaunchScreen.storyboard */; };
		5C4A357F2BA5E841000F840F /* ContentManager.swift in Sources */ = {isa = PBXBuildFile; fileRef = 5C4A357E2BA5E841000F840F /* ContentManager.swift */; };
		5C4A35812BA624A4000F840F /* PlayerSelectViewController.swift in Sources */ = {isa = PBXBuildFile; fileRef = 5C4A35802BA624A4000F840F /* PlayerSelectViewController.swift */; };
/* End PBXBuildFile section */

/* Begin PBXFileReference section */
		5C2686FB2BA6CC4500C0330F /* ConfettiView.swift */ = {isa = PBXFileReference; lastKnownFileType = sourcecode.swift; path = ConfettiView.swift; sourceTree = "<group>"; };
		5C4A35672BA5E837000F840F /* BattleFans.app */ = {isa = PBXFileReference; explicitFileType = wrapper.application; includeInIndex = 0; path = BattleFans.app; sourceTree = BUILT_PRODUCTS_DIR; };
		5C4A356A2BA5E837000F840F /* AppDelegate.swift */ = {isa = PBXFileReference; lastKnownFileType = sourcecode.swift; path = AppDelegate.swift; sourceTree = "<group>"; };
		5C4A356C2BA5E837000F840F /* SceneDelegate.swift */ = {isa = PBXFileReference; lastKnownFileType = sourcecode.swift; path = SceneDelegate.swift; sourceTree = "<group>"; };
		5C4A356E2BA5E837000F840F /* ViewController.swift */ = {isa = PBXFileReference; lastKnownFileType = sourcecode.swift; path = ViewController.swift; sourceTree = "<group>"; };
		5C4A35712BA5E837000F840F /* Base */ = {isa = PBXFileReference; lastKnownFileType = file.storyboard; name = Base; path = Base.lproj/Main.storyboard; sourceTree = "<group>"; };
		5C4A35732BA5E838000F840F /* Assets.xcassets */ = {isa = PBXFileReference; lastKnownFileType = folder.assetcatalog; path = Assets.xcassets; sourceTree = "<group>"; };
		5C4A35762BA5E838000F840F /* Base */ = {isa = PBXFileReference; lastKnownFileType = file.storyboard; name = Base; path = Base.lproj/LaunchScreen.storyboard; sourceTree = "<group>"; };
		5C4A35782BA5E838000F840F /* Info.plist */ = {isa = PBXFileReference; lastKnownFileType = text.plist.xml; path = Info.plist; sourceTree = "<group>"; };
		5C4A357E2BA5E841000F840F /* ContentManager.swift */ = {isa = PBXFileReference; lastKnownFileType = sourcecode.swift; path = ContentManager.swift; sourceTree = "<group>"; };
		5C4A35802BA624A4000F840F /* PlayerSelectViewController.swift */ = {isa = PBXFileReference; lastKnownFileType = sourcecode.swift; path = PlayerSelectViewController.swift; sourceTree = "<group>"; };
/* End PBXFileReference section */

/* Begin PBXFrameworksBuildPhase section */
		5C4A35642BA5E837000F840F /* Frameworks */ = {
			isa = PBXFrameworksBuildPhase;
			buildActionMask = 2147483647;
			files = (
			);
			runOnlyForDeploymentPostprocessing = 0;
		};
/* End PBXFrameworksBuildPhase section */

/* Begin PBXGroup section */
		5C4A355E2BA5E837000F840F = {
			isa = PBXGroup;
			children = (
				5C4A35692BA5E837000F840F /* BattleFans */,
				5C4A35682BA5E837000F840F /* Products */,
			);
			sourceTree = "<group>";
		};
		5C4A35682BA5E837000F840F /* Products */ = {
			isa = PBXGroup;
			children = (
				5C4A35672BA5E837000F840F /* BattleFans.app */,
			);
			name = Products;
			sourceTree = "<group>";
		};
		5C4A35692BA5E837000F840F /* BattleFans */ = {
			isa = PBXGroup;
			children = (
				5C4A357E2BA5E841000F840F /* ContentManager.swift */,
				5C4A356A2BA5E837000F840F /* AppDelegate.swift */,
				5C4A356C2BA5E837000F840F /* SceneDelegate.swift */,
				5C4A356E2BA5E837000F840F /* ViewController.swift */,
				5C2686FB2BA6CC4500C0330F /* ConfettiView.swift */,
				5C4A35802BA624A4000F840F /* PlayerSelectViewController.swift */,
				5C4A35732BA5E838000F840F /* Assets.xcassets */,
				5C4A35702BA5E837000F840F /* Main.storyboard */,
				5C4A35752BA5E838000F840F /* LaunchScreen.storyboard */,
				5C4A35782BA5E838000F840F /* Info.plist */,
			);
			path = BattleFans;
			sourceTree = "<group>";
		};
/* End PBXGroup section */

/* Begin PBXNativeTarget section */
		5C4A35662BA5E837000F840F /* BattleFans */ = {
			isa = PBXNativeTarget;
			buildConfigurationList = 5C4A357B2BA5E838000F840F /* Build configuration list for PBXNativeTarget "BattleFans" */;
			buildPhases = (
				5C4A35632BA5E837000F840F /* Sources */,
				5C4A35642BA5E837000F840F /* Frameworks */,
				5C4A35652BA5E837000F840F /* Resources */,
			);
			buildRules = (
			);
			dependencies = (
			);
			name = BattleFans;
			productName = BattleFans;
			productReference = 5C4A35672BA5E837000F840F /* BattleFans.app */;
			productType = "com.apple.product-type.application";
		};
/* End PBXNativeTarget section */

/* Begin PBXProject section */
		5C4A355F2BA5E837000F840F /* Project object */ = {
			isa = PBXProject;
			attributes = {
				BuildIndependentTargetsInParallel = 1;
				LastSwiftUpdateCheck = 1500;
				LastUpgradeCheck = 1500;
				TargetAttributes = {
					5C4A35662BA5E837000F840F = {
						CreatedOnToolsVersion = 15.0.1;
					};
				};
			};
			buildConfigurationList = 5C4A35622BA5E837000F840F /* Build configuration list for PBXProject "BattleFans" */;
			compatibilityVersion = "Xcode 14.0";
			developmentRegion = en;
			hasScannedForEncodings = 0;
			knownRegions = (
				en,
				Base,
			);
			mainGroup = 5C4A355E2BA5E837000F840F;
			productRefGroup = 5C4A35682BA5E837000F840F /* Products */;
			projectDirPath = "";
			projectRoot = "";
			targets = (
				5C4A35662BA5E837000F840F /* BattleFans */,
			);
		};
/* End PBXProject section */

/* Begin PBXResourcesBuildPhase section */
		5C4A35652BA5E837000F840F /* Resources */ = {
			isa = PBXResourcesBuildPhase;
			buildActionMask = 2147483647;
			files = (
				5C4A35772BA5E838000F840F /* LaunchScreen.storyboard in Resources */,
				5C4A35742BA5E838000F840F /* Assets.xcassets in Resources */,
				5C4A35722BA5E837000F840F /* Main.storyboard in Resources */,
			);
			runOnlyForDeploymentPostprocessing = 0;
		};
/* End PBXResourcesBuildPhase section */

/* Begin PBXSourcesBuildPhase section */
		5C4A35632BA5E837000F840F /* Sources */ = {
			isa = PBXSourcesBuildPhase;
			buildActionMask = 2147483647;
			files = (
				5C2686FC2BA6CC4500C0330F /* ConfettiView.swift in Sources */,
				5C4A35812BA624A4000F840F /* PlayerSelectViewController.swift in Sources */,
				5C4A356F2BA5E837000F840F /* ViewController.swift in Sources */,
				5C4A357F2BA5E841000F840F /* ContentManager.swift in Sources */,
				5C4A356B2BA5E837000F840F /* AppDelegate.swift in Sources */,
				5C4A356D2BA5E837000F840F /* SceneDelegate.swift in Sources */,
			);
			runOnlyForDeploymentPostprocessing = 0;
		};
/* End PBXSourcesBuildPhase section */

/* Begin PBXVariantGroup section */
		5C4A35702BA5E837000F840F /* Main.storyboard */ = {
			isa = PBXVariantGroup;
			children = (
				5C4A35712BA5E837000F840F /* Base */,
			);
			name = Main.storyboard;
			sourceTree = "<group>";
		};
		5C4A35752BA5E838000F840F /* LaunchScreen.storyboard */ = {
			isa = PBXVariantGroup;
			children = (
				5C4A35762BA5E838000F840F /* Base */,
			);
			name = LaunchScreen.storyboard;
			sourceTree = "<group>";
		};
/* End PBXVariantGroup section */

/* Begin XCBuildConfiguration section */
		5C4A35792BA5E838000F840F /* Debug */ = {
			isa = XCBuildConfiguration;
			buildSettings = {
				ALWAYS_SEARCH_USER_PATHS = NO;
				ASSETCATALOG_COMPILER_GENERATE_SWIFT_ASSET_SYMBOL_EXTENSIONS = YES;
				CLANG_ANALYZER_NONNULL = YES;
				CLANG_ANALYZER_NUMBER_OBJECT_CONVERSION = YES_AGGRESSIVE;
				CLANG_CXX_LANGUAGE_STANDARD = "gnu++20";
				CLANG_ENABLE_MODULES = YES;
				CLANG_ENABLE_OBJC_ARC = YES;
				CLANG_ENABLE_OBJC_WEAK = YES;
				CLANG_WARN_BLOCK_CAPTURE_AUTORELEASING = YES;
				CLANG_WARN_BOOL_CONVERSION = YES;
				CLANG_WARN_COMMA = YES;
				CLANG_WARN_CONSTANT_CONVERSION = YES;
				CLANG_WARN_DEPRECATED_OBJC_IMPLEMENTATIONS = YES;
				CLANG_WARN_DIRECT_OBJC_ISA_USAGE = YES_ERROR;
				CLANG_WARN_DOCUMENTATION_COMMENTS = YES;
				CLANG_WARN_EMPTY_BODY = YES;
				CLANG_WARN_ENUM_CONVERSION = YES;
				CLANG_WARN_INFINITE_RECURSION = YES;
				CLANG_WARN_INT_CONVERSION = YES;
				CLANG_WARN_NON_LITERAL_NULL_CONVERSION = YES;
				CLANG_WARN_OBJC_IMPLICIT_RETAIN_SELF = YES;
				CLANG_WARN_OBJC_LITERAL_CONVERSION = YES;
				CLANG_WARN_OBJC_ROOT_CLASS = YES_ERROR;
				CLANG_WARN_QUOTED_INCLUDE_IN_FRAMEWORK_HEADER = YES;
				CLANG_WARN_RANGE_LOOP_ANALYSIS = YES;
				CLANG_WARN_STRICT_PROTOTYPES = YES;
				CLANG_WARN_SUSPICIOUS_MOVE = YES;
				CLANG_WARN_UNGUARDED_AVAILABILITY = YES_AGGRESSIVE;
				CLANG_WARN_UNREACHABLE_CODE = YES;
				CLANG_WARN__DUPLICATE_METHOD_MATCH = YES;
				COPY_PHASE_STRIP = NO;
				DEBUG_INFORMATION_FORMAT = dwarf;
				ENABLE_STRICT_OBJC_MSGSEND = YES;
				ENABLE_TESTABILITY = YES;
				ENABLE_USER_SCRIPT_SANDBOXING = YES;
				GCC_C_LANGUAGE_STANDARD = gnu17;
				GCC_DYNAMIC_NO_PIC = NO;
				GCC_NO_COMMON_BLOCKS = YES;
				GCC_OPTIMIZATION_LEVEL = 0;
				GCC_PREPROCESSOR_DEFINITIONS = (
					"DEBUG=1",
					"$(inherited)",
				);
				GCC_WARN_64_TO_32_BIT_CONVERSION = YES;
				GCC_WARN_ABOUT_RETURN_TYPE = YES_ERROR;
				GCC_WARN_UNDECLARED_SELECTOR = YES;
				GCC_WARN_UNINITIALIZED_AUTOS = YES_AGGRESSIVE;
				GCC_WARN_UNUSED_FUNCTION = YES;
				GCC_WARN_UNUSED_VARIABLE = YES;
				IPHONEOS_DEPLOYMENT_TARGET = 17.0;
				LOCALIZATION_PREFERS_STRING_CATALOGS = YES;
				MTL_ENABLE_DEBUG_INFO = INCLUDE_SOURCE;
				MTL_FAST_MATH = YES;
				ONLY_ACTIVE_ARCH = YES;
				SDKROOT = iphoneos;
				SWIFT_ACTIVE_COMPILATION_CONDITIONS = "DEBUG $(inherited)";
				SWIFT_OPTIMIZATION_LEVEL = "-Onone";
			};
			name = Debug;
		};
		5C4A357A2BA5E838000F840F /* Release */ = {
			isa = XCBuildConfiguration;
			buildSettings = {
				ALWAYS_SEARCH_USER_PATHS = NO;
				ASSETCATALOG_COMPILER_GENERATE_SWIFT_ASSET_SYMBOL_EXTENSIONS = YES;
				CLANG_ANALYZER_NONNULL = YES;
				CLANG_ANALYZER_NUMBER_OBJECT_CONVERSION = YES_AGGRESSIVE;
				CLANG_CXX_LANGUAGE_STANDARD = "gnu++20";
				CLANG_ENABLE_MODULES = YES;
				CLANG_ENABLE_OBJC_ARC = YES;
				CLANG_ENABLE_OBJC_WEAK = YES;
				CLANG_WARN_BLOCK_CAPTURE_AUTORELEASING = YES;
				CLANG_WARN_BOOL_CONVERSION = YES;
				CLANG_WARN_COMMA = YES;
				CLANG_WARN_CONSTANT_CONVERSION = YES;
				CLANG_WARN_DEPRECATED_OBJC_IMPLEMENTATIONS = YES;
				CLANG_WARN_DIRECT_OBJC_ISA_USAGE = YES_ERROR;
				CLANG_WARN_DOCUMENTATION_COMMENTS = YES;
				CLANG_WARN_EMPTY_BODY = YES;
				CLANG_WARN_ENUM_CONVERSION = YES;
				CLANG_WARN_INFINITE_RECURSION = YES;
				CLANG_WARN_INT_CONVERSION = YES;
				CLANG_WARN_NON_LITERAL_NULL_CONVERSION = YES;
				CLANG_WARN_OBJC_IMPLICIT_RETAIN_SELF = YES;
				CLANG_WARN_OBJC_LITERAL_CONVERSION = YES;
				CLANG_WARN_OBJC_ROOT_CLASS = YES_ERROR;
				CLANG_WARN_QUOTED_INCLUDE_IN_FRAMEWORK_HEADER = YES;
				CLANG_WARN_RANGE_LOOP_ANALYSIS = YES;
				CLANG_WARN_STRICT_PROTOTYPES = YES;
				CLANG_WARN_SUSPICIOUS_MOVE = YES;
				CLANG_WARN_UNGUARDED_AVAILABILITY = YES_AGGRESSIVE;
				CLANG_WARN_UNREACHABLE_CODE = YES;
				CLANG_WARN__DUPLICATE_METHOD_MATCH = YES;
				COPY_PHASE_STRIP = NO;
				DEBUG_INFORMATION_FORMAT = "dwarf-with-dsym";
				ENABLE_NS_ASSERTIONS = NO;
				ENABLE_STRICT_OBJC_MSGSEND = YES;
				ENABLE_USER_SCRIPT_SANDBOXING = YES;
				GCC_C_LANGUAGE_STANDARD = gnu17;
				GCC_NO_COMMON_BLOCKS = YES;
				GCC_WARN_64_TO_32_BIT_CONVERSION = YES;
				GCC_WARN_ABOUT_RETURN_TYPE = YES_ERROR;
				GCC_WARN_UNDECLARED_SELECTOR = YES;
				GCC_WARN_UNINITIALIZED_AUTOS = YES_AGGRESSIVE;
				GCC_WARN_UNUSED_FUNCTION = YES;
				GCC_WARN_UNUSED_VARIABLE = YES;
				IPHONEOS_DEPLOYMENT_TARGET = 17.0;
				LOCALIZATION_PREFERS_STRING_CATALOGS = YES;
				MTL_ENABLE_DEBUG_INFO = NO;
				MTL_FAST_MATH = YES;
				SDKROOT = iphoneos;
				SWIFT_COMPILATION_MODE = wholemodule;
				VALIDATE_PRODUCT = YES;
			};
			name = Release;
		};
		5C4A357C2BA5E838000F840F /* Debug */ = {
			isa = XCBuildConfiguration;
			buildSettings = {
				ASSETCATALOG_COMPILER_APPICON_NAME = AppIcon;
				ASSETCATALOG_COMPILER_GLOBAL_ACCENT_COLOR_NAME = AccentColor;
				CODE_SIGN_STYLE = Automatic;
				CURRENT_PROJECT_VERSION = 1;
				DEVELOPMENT_TEAM = TS4RX6E9KD;
				GENERATE_INFOPLIST_FILE = YES;
				INFOPLIST_FILE = BattleFans/Info.plist;
				INFOPLIST_KEY_UIApplicationSupportsIndirectInputEvents = YES;
				INFOPLIST_KEY_UILaunchStoryboardName = LaunchScreen;
				INFOPLIST_KEY_UIMainStoryboardFile = Main;
				INFOPLIST_KEY_UISupportedInterfaceOrientations = "UIInterfaceOrientationLandscapeLeft UIInterfaceOrientationLandscapeRight";
				INFOPLIST_KEY_UISupportedInterfaceOrientations_iPad = "UIInterfaceOrientationLandscapeLeft UIInterfaceOrientationLandscapeRight UIInterfaceOrientationPortrait UIInterfaceOrientationPortraitUpsideDown";
				LD_RUNPATH_SEARCH_PATHS = (
					"$(inherited)",
					"@executable_path/Frameworks",
				);
				MARKETING_VERSION = 1.0;
				PRODUCT_BUNDLE_IDENTIFIER = com.nouns.battlenouns.BattleFans;
				PRODUCT_NAME = "$(TARGET_NAME)";
				SWIFT_EMIT_LOC_STRINGS = YES;
				SWIFT_VERSION = 5.0;
				TARGETED_DEVICE_FAMILY = "1,2";
			};
			name = Debug;
		};
		5C4A357D2BA5E838000F840F /* Release */ = {
			isa = XCBuildConfiguration;
			buildSettings = {
				ASSETCATALOG_COMPILER_APPICON_NAME = AppIcon;
				ASSETCATALOG_COMPILER_GLOBAL_ACCENT_COLOR_NAME = AccentColor;
				CODE_SIGN_STYLE = Automatic;
				CURRENT_PROJECT_VERSION = 1;
				DEVELOPMENT_TEAM = TS4RX6E9KD;
				GENERATE_INFOPLIST_FILE = YES;
				INFOPLIST_FILE = BattleFans/Info.plist;
				INFOPLIST_KEY_UIApplicationSupportsIndirectInputEvents = YES;
				INFOPLIST_KEY_UILaunchStoryboardName = LaunchScreen;
				INFOPLIST_KEY_UIMainStoryboardFile = Main;
				INFOPLIST_KEY_UISupportedInterfaceOrientations = "UIInterfaceOrientationLandscapeLeft UIInterfaceOrientationLandscapeRight";
				INFOPLIST_KEY_UISupportedInterfaceOrientations_iPad = "UIInterfaceOrientationLandscapeLeft UIInterfaceOrientationLandscapeRight UIInterfaceOrientationPortrait UIInterfaceOrientationPortraitUpsideDown";
				LD_RUNPATH_SEARCH_PATHS = (
					"$(inherited)",
					"@executable_path/Frameworks",
				);
				MARKETING_VERSION = 1.0;
				PRODUCT_BUNDLE_IDENTIFIER = com.nouns.battlenouns.BattleFans;
				PRODUCT_NAME = "$(TARGET_NAME)";
				SWIFT_EMIT_LOC_STRINGS = YES;
				SWIFT_VERSION = 5.0;
				TARGETED_DEVICE_FAMILY = "1,2";
			};
			name = Release;
		};
/* End XCBuildConfiguration section */

/* Begin XCConfigurationList section */
		5C4A35622BA5E837000F840F /* Build configuration list for PBXProject "BattleFans" */ = {
			isa = XCConfigurationList;
			buildConfigurations = (
				5C4A35792BA5E838000F840F /* Debug */,
				5C4A357A2BA5E838000F840F /* Release */,
			);
			defaultConfigurationIsVisible = 0;
			defaultConfigurationName = Release;
		};
		5C4A357B2BA5E838000F840F /* Build configuration list for PBXNativeTarget "BattleFans" */ = {
			isa = XCConfigurationList;
			buildConfigurations = (
				5C4A357C2BA5E838000F840F /* Debug */,
				5C4A357D2BA5E838000F840F /* Release */,
			);
			defaultConfigurationIsVisible = 0;
			defaultConfigurationName = Release;
		};
/* End XCConfigurationList section */
	};
	rootObject = 5C4A355F2BA5E837000F840F /* Project object */;
}
